{
  "name": "basketball",
  "lockfileVersion": 2,
  "requires": true,
  "packages": {
    "": {
      "dependencies": {
        "mvp.css": "^1.14.0"
      }
    },
    "node_modules/mvp.css": {
      "version": "1.14.0",
      "resolved": "https://registry.npmjs.org/mvp.css/-/mvp.css-1.14.0.tgz",
      "integrity": "sha512-f7F8dUw3kCA80z4myG4z5ymsrNK0oft2JQ1Fz0brpc+vIimJhpLk5B/rI44IQLgjpBDNIRzaZfwZUdndKs6j3w=="
    }
  },
  "dependencies": {
    "mvp.css": {
      "version": "1.14.0",
      "resolved": "https://registry.npmjs.org/mvp.css/-/mvp.css-1.14.0.tgz",
      "integrity": "sha512-f7F8dUw3kCA80z4myG4z5ymsrNK0oft2JQ1Fz0brpc+vIimJhpLk5B/rI44IQLgjpBDNIRzaZfwZUdndKs6j3w=="
    }
  }
}
